// !$*UTF8*$!
{
	archiveVersion = 1;
	classes = {
	};
	objectVersion = 50;
	objects = {

/* Begin PBXBuildFile section */
		3D3D289D248032150044A505 /* AppDelegate.swift in Sources */ = {isa = PBXBuildFile; fileRef = 3D3D289C248032150044A505 /* AppDelegate.swift */; };
		3D3D289F248032150044A505 /* SceneDelegate.swift in Sources */ = {isa = PBXBuildFile; fileRef = 3D3D289E248032150044A505 /* SceneDelegate.swift */; };
		3D3D28A1248032150044A505 /* WelcomeViewController.swift in Sources */ = {isa = PBXBuildFile; fileRef = 3D3D28A0248032150044A505 /* WelcomeViewController.swift */; };
		3D3D28A4248032150044A505 /* Main.storyboard in Resources */ = {isa = PBXBuildFile; fileRef = 3D3D28A2248032150044A505 /* Main.storyboard */; };
		3D3D28A6248032160044A505 /* Assets.xcassets in Resources */ = {isa = PBXBuildFile; fileRef = 3D3D28A5248032160044A505 /* Assets.xcassets */; };
		3D3D28A9248032160044A505 /* LaunchScreen.storyboard in Resources */ = {isa = PBXBuildFile; fileRef = 3D3D28A7248032160044A505 /* LaunchScreen.storyboard */; };
		3D3D28B82480341E0044A505 /* MarvelHero.swift in Sources */ = {isa = PBXBuildFile; fileRef = 3D3D28B72480341E0044A505 /* MarvelHero.swift */; };
		3DC9F0482482E5B900060ACE /* ContainerViewController.swift in Sources */ = {isa = PBXBuildFile; fileRef = 3DC9F0472482E5B900060ACE /* ContainerViewController.swift */; };
		3DC9F04A2482E5D300060ACE /* MenuViewController.swift in Sources */ = {isa = PBXBuildFile; fileRef = 3DC9F0492482E5D300060ACE /* MenuViewController.swift */; };
		3DC9F0502482F57900060ACE /* Protocols.swift in Sources */ = {isa = PBXBuildFile; fileRef = 3DC9F04F2482F57900060ACE /* Protocols.swift */; };
		3DC9F0522482FC1F00060ACE /* MenuOptions.swift in Sources */ = {isa = PBXBuildFile; fileRef = 3DC9F0512482FC1F00060ACE /* MenuOptions.swift */; };
		3DC9F0542482FE2B00060ACE /* ManuOptionsTableViewCell.swift in Sources */ = {isa = PBXBuildFile; fileRef = 3DC9F0532482FE2B00060ACE /* ManuOptionsTableViewCell.swift */; };
		3DC9F0562483088A00060ACE /* AppContains.swift in Sources */ = {isa = PBXBuildFile; fileRef = 3DC9F0552483088A00060ACE /* AppContains.swift */; };
/* End PBXBuildFile section */

/* Begin PBXFileReference section */
		3D3D2899248032150044A505 /* MarvelHeroLibrary_MVVM.app */ = {isa = PBXFileReference; explicitFileType = wrapper.application; includeInIndex = 0; path = MarvelHeroLibrary_MVVM.app; sourceTree = BUILT_PRODUCTS_DIR; };
		3D3D289C248032150044A505 /* AppDelegate.swift */ = {isa = PBXFileReference; lastKnownFileType = sourcecode.swift; path = AppDelegate.swift; sourceTree = "<group>"; };
		3D3D289E248032150044A505 /* SceneDelegate.swift */ = {isa = PBXFileReference; lastKnownFileType = sourcecode.swift; path = SceneDelegate.swift; sourceTree = "<group>"; };
		3D3D28A0248032150044A505 /* WelcomeViewController.swift */ = {isa = PBXFileReference; lastKnownFileType = sourcecode.swift; path = WelcomeViewController.swift; sourceTree = "<group>"; };
		3D3D28A3248032150044A505 /* Base */ = {isa = PBXFileReference; lastKnownFileType = file.storyboard; name = Base; path = Base.lproj/Main.storyboard; sourceTree = "<group>"; };
		3D3D28A5248032160044A505 /* Assets.xcassets */ = {isa = PBXFileReference; lastKnownFileType = folder.assetcatalog; path = Assets.xcassets; sourceTree = "<group>"; };
		3D3D28A8248032160044A505 /* Base */ = {isa = PBXFileReference; lastKnownFileType = file.storyboard; name = Base; path = Base.lproj/LaunchScreen.storyboard; sourceTree = "<group>"; };
		3D3D28AA248032160044A505 /* Info.plist */ = {isa = PBXFileReference; lastKnownFileType = text.plist.xml; path = Info.plist; sourceTree = "<group>"; };
		3D3D28B72480341E0044A505 /* MarvelHero.swift */ = {isa = PBXFileReference; lastKnownFileType = sourcecode.swift; path = MarvelHero.swift; sourceTree = "<group>"; };
		3DC9F0472482E5B900060ACE /* ContainerViewController.swift */ = {isa = PBXFileReference; lastKnownFileType = sourcecode.swift; path = ContainerViewController.swift; sourceTree = "<group>"; };
		3DC9F0492482E5D300060ACE /* MenuViewController.swift */ = {isa = PBXFileReference; lastKnownFileType = sourcecode.swift; path = MenuViewController.swift; sourceTree = "<group>"; };
		3DC9F04F2482F57900060ACE /* Protocols.swift */ = {isa = PBXFileReference; lastKnownFileType = sourcecode.swift; path = Protocols.swift; sourceTree = "<group>"; };
		3DC9F0512482FC1F00060ACE /* MenuOptions.swift */ = {isa = PBXFileReference; lastKnownFileType = sourcecode.swift; path = MenuOptions.swift; sourceTree = "<group>"; };
		3DC9F0532482FE2B00060ACE /* ManuOptionsTableViewCell.swift */ = {isa = PBXFileReference; lastKnownFileType = sourcecode.swift; path = ManuOptionsTableViewCell.swift; sourceTree = "<group>"; };
		3DC9F0552483088A00060ACE /* AppContains.swift */ = {isa = PBXFileReference; lastKnownFileType = sourcecode.swift; path = AppContains.swift; sourceTree = "<group>"; };
/* End PBXFileReference section */

/* Begin PBXFrameworksBuildPhase section */
		3D3D2896248032150044A505 /* Frameworks */ = {
			isa = PBXFrameworksBuildPhase;
			buildActionMask = 2147483647;
			files = (
			);
			runOnlyForDeploymentPostprocessing = 0;
		};
/* End PBXFrameworksBuildPhase section */

/* Begin PBXGroup section */
		3D3D2890248032150044A505 = {
			isa = PBXGroup;
			children = (
				3D3D289B248032150044A505 /* MarvelHeroLibrary_MVVM */,
				3D3D289A248032150044A505 /* Products */,
			);
			sourceTree = "<group>";
		};
		3D3D289A248032150044A505 /* Products */ = {
			isa = PBXGroup;
			children = (
				3D3D2899248032150044A505 /* MarvelHeroLibrary_MVVM.app */,
			);
			name = Products;
			sourceTree = "<group>";
		};
		3D3D289B248032150044A505 /* MarvelHeroLibrary_MVVM */ = {
			isa = PBXGroup;
			children = (
				3D3D28B5248033330044A505 /* Model */,
				3D3D28B2248032B50044A505 /* View */,
				3D3D28B4248033260044A505 /* ViewModel */,
				3D3D28B02480329B0044A505 /* Common */,
				3D3D28B1248032A60044A505 /* Controller */,
				3D3D28B3248032DE0044A505 /* SupportFiles */,
			);
			path = MarvelHeroLibrary_MVVM;
			sourceTree = "<group>";
		};
		3D3D28B02480329B0044A505 /* Common */ = {
			isa = PBXGroup;
			children = (
				3DC9F04E2482F56100060ACE /* Utils */,
				3D3D289C248032150044A505 /* AppDelegate.swift */,
				3D3D289E248032150044A505 /* SceneDelegate.swift */,
			);
			path = Common;
			sourceTree = "<group>";
		};
		3D3D28B1248032A60044A505 /* Controller */ = {
			isa = PBXGroup;
			children = (
				3DC9F04D2482F43300060ACE /* WelcomePage */,
			);
			path = Controller;
			sourceTree = "<group>";
		};
		3D3D28B2248032B50044A505 /* View */ = {
			isa = PBXGroup;
			children = (
				3D3D28B6248033CB0044A505 /* CustomizeCell */,
				3D3D28A2248032150044A505 /* Main.storyboard */,
				3D3D28A7248032160044A505 /* LaunchScreen.storyboard */,
			);
			path = View;
			sourceTree = "<group>";
		};
		3D3D28B3248032DE0044A505 /* SupportFiles */ = {
			isa = PBXGroup;
			children = (
				3D3D28A5248032160044A505 /* Assets.xcassets */,
				3D3D28AA248032160044A505 /* Info.plist */,
			);
			path = SupportFiles;
			sourceTree = "<group>";
		};
		3D3D28B4248033260044A505 /* ViewModel */ = {
			isa = PBXGroup;
			children = (
			);
			path = ViewModel;
			sourceTree = "<group>";
		};
		3D3D28B5248033330044A505 /* Model */ = {
			isa = PBXGroup;
			children = (
				3D3D28B72480341E0044A505 /* MarvelHero.swift */,
				3DC9F0512482FC1F00060ACE /* MenuOptions.swift */,
			);
			path = Model;
			sourceTree = "<group>";
		};
		3D3D28B6248033CB0044A505 /* CustomizeCell */ = {
			isa = PBXGroup;
			children = (
				3DC9F0532482FE2B00060ACE /* ManuOptionsTableViewCell.swift */,
			);
			path = CustomizeCell;
			sourceTree = "<group>";
		};
		3DC9F04D2482F43300060ACE /* WelcomePage */ = {
			isa = PBXGroup;
			children = (
				3D3D28A0248032150044A505 /* WelcomeViewController.swift */,
				3DC9F0472482E5B900060ACE /* ContainerViewController.swift */,
				3DC9F0492482E5D300060ACE /* MenuViewController.swift */,
			);
			path = WelcomePage;
			sourceTree = "<group>";
		};
		3DC9F04E2482F56100060ACE /* Utils */ = {
			isa = PBXGroup;
			children = (
				3DC9F04F2482F57900060ACE /* Protocols.swift */,
				3DC9F0552483088A00060ACE /* AppContains.swift */,
			);
			path = Utils;
			sourceTree = "<group>";
		};
/* End PBXGroup section */

/* Begin PBXNativeTarget section */
		3D3D2898248032150044A505 /* MarvelHeroLibrary_MVVM */ = {
			isa = PBXNativeTarget;
			buildConfigurationList = 3D3D28AD248032160044A505 /* Build configuration list for PBXNativeTarget "MarvelHeroLibrary_MVVM" */;
			buildPhases = (
				3D3D2895248032150044A505 /* Sources */,
				3D3D2896248032150044A505 /* Frameworks */,
				3D3D2897248032150044A505 /* Resources */,
			);
			buildRules = (
			);
			dependencies = (
			);
			name = MarvelHeroLibrary_MVVM;
			productName = MarvelHeroLibrary_MVVM;
			productReference = 3D3D2899248032150044A505 /* MarvelHeroLibrary_MVVM.app */;
			productType = "com.apple.product-type.application";
		};
/* End PBXNativeTarget section */

/* Begin PBXProject section */
		3D3D2891248032150044A505 /* Project object */ = {
			isa = PBXProject;
			attributes = {
				LastSwiftUpdateCheck = 1150;
				LastUpgradeCheck = 1150;
				ORGANIZATIONNAME = ShawnLi;
				TargetAttributes = {
					3D3D2898248032150044A505 = {
						CreatedOnToolsVersion = 11.5;
					};
				};
			};
			buildConfigurationList = 3D3D2894248032150044A505 /* Build configuration list for PBXProject "MarvelHeroLibrary_MVVM" */;
			compatibilityVersion = "Xcode 9.3";
			developmentRegion = en;
			hasScannedForEncodings = 0;
			knownRegions = (
				en,
				Base,
			);
			mainGroup = 3D3D2890248032150044A505;
			productRefGroup = 3D3D289A248032150044A505 /* Products */;
			projectDirPath = "";
			projectRoot = "";
			targets = (
				3D3D2898248032150044A505 /* MarvelHeroLibrary_MVVM */,
			);
		};
/* End PBXProject section */

/* Begin PBXResourcesBuildPhase section */
		3D3D2897248032150044A505 /* Resources */ = {
			isa = PBXResourcesBuildPhase;
			buildActionMask = 2147483647;
			files = (
				3D3D28A9248032160044A505 /* LaunchScreen.storyboard in Resources */,
				3D3D28A6248032160044A505 /* Assets.xcassets in Resources */,
				3D3D28A4248032150044A505 /* Main.storyboard in Resources */,
			);
			runOnlyForDeploymentPostprocessing = 0;
		};
/* End PBXResourcesBuildPhase section */

/* Begin PBXSourcesBuildPhase section */
		3D3D2895248032150044A505 /* Sources */ = {
			isa = PBXSourcesBuildPhase;
			buildActionMask = 2147483647;
			files = (
				3D3D28B82480341E0044A505 /* MarvelHero.swift in Sources */,
				3DC9F0542482FE2B00060ACE /* ManuOptionsTableViewCell.swift in Sources */,
				3DC9F0522482FC1F00060ACE /* MenuOptions.swift in Sources */,
				3DC9F04A2482E5D300060ACE /* MenuViewController.swift in Sources */,
				3D3D28A1248032150044A505 /* WelcomeViewController.swift in Sources */,
				3DC9F0482482E5B900060ACE /* ContainerViewController.swift in Sources */,
				3D3D289D248032150044A505 /* AppDelegate.swift in Sources */,
				3D3D289F248032150044A505 /* SceneDelegate.swift in Sources */,
				3DC9F0562483088A00060ACE /* AppContains.swift in Sources */,
				3DC9F0502482F57900060ACE /* Protocols.swift in Sources */,
			);
			runOnlyForDeploymentPostprocessing = 0;
		};
/* End PBXSourcesBuildPhase section */

/* Begin PBXVariantGroup section */
		3D3D28A2248032150044A505 /* Main.storyboard */ = {
			isa = PBXVariantGroup;
			children = (
				3D3D28A3248032150044A505 /* Base */,
			);
			name = Main.storyboard;
			sourceTree = "<group>";
		};
		3D3D28A7248032160044A505 /* LaunchScreen.storyboard */ = {
			isa = PBXVariantGroup;
			children = (
				3D3D28A8248032160044A505 /* Base */,
			);
			name = LaunchScreen.storyboard;
			sourceTree = "<group>";
		};
/* End PBXVariantGroup section */

/* Begin XCBuildConfiguration section */
		3D3D28AB248032160044A505 /* Debug */ = {
			isa = XCBuildConfiguration;
			buildSettings = {
				ALWAYS_SEARCH_USER_PATHS = NO;
				CLANG_ANALYZER_NONNULL = YES;
				CLANG_ANALYZER_NUMBER_OBJECT_CONVERSION = YES_AGGRESSIVE;
				CLANG_CXX_LANGUAGE_STANDARD = "gnu++14";
				CLANG_CXX_LIBRARY = "libc++";
				CLANG_ENABLE_MODULES = YES;
				CLANG_ENABLE_OBJC_ARC = YES;
				CLANG_ENABLE_OBJC_WEAK = YES;
				CLANG_WARN_BLOCK_CAPTURE_AUTORELEASING = YES;
				CLANG_WARN_BOOL_CONVERSION = YES;
				CLANG_WARN_COMMA = YES;
				CLANG_WARN_CONSTANT_CONVERSION = YES;
				CLANG_WARN_DEPRECATED_OBJC_IMPLEMENTATIONS = YES;
				CLANG_WARN_DIRECT_OBJC_ISA_USAGE = YES_ERROR;
				CLANG_WARN_DOCUMENTATION_COMMENTS = YES;
				CLANG_WARN_EMPTY_BODY = YES;
				CLANG_WARN_ENUM_CONVERSION = YES;
				CLANG_WARN_INFINITE_RECURSION = YES;
				CLANG_WARN_INT_CONVERSION = YES;
				CLANG_WARN_NON_LITERAL_NULL_CONVERSION = YES;
				CLANG_WARN_OBJC_IMPLICIT_RETAIN_SELF = YES;
				CLANG_WARN_OBJC_LITERAL_CONVERSION = YES;
				CLANG_WARN_OBJC_ROOT_CLASS = YES_ERROR;
				CLANG_WARN_RANGE_LOOP_ANALYSIS = YES;
				CLANG_WARN_STRICT_PROTOTYPES = YES;
				CLANG_WARN_SUSPICIOUS_MOVE = YES;
				CLANG_WARN_UNGUARDED_AVAILABILITY = YES_AGGRESSIVE;
				CLANG_WARN_UNREACHABLE_CODE = YES;
				CLANG_WARN__DUPLICATE_METHOD_MATCH = YES;
				COPY_PHASE_STRIP = NO;
				DEBUG_INFORMATION_FORMAT = dwarf;
				ENABLE_STRICT_OBJC_MSGSEND = YES;
				ENABLE_TESTABILITY = YES;
				GCC_C_LANGUAGE_STANDARD = gnu11;
				GCC_DYNAMIC_NO_PIC = NO;
				GCC_NO_COMMON_BLOCKS = YES;
				GCC_OPTIMIZATION_LEVEL = 0;
				GCC_PREPROCESSOR_DEFINITIONS = (
					"DEBUG=1",
					"$(inherited)",
				);
				GCC_WARN_64_TO_32_BIT_CONVERSION = YES;
				GCC_WARN_ABOUT_RETURN_TYPE = YES_ERROR;
				GCC_WARN_UNDECLARED_SELECTOR = YES;
				GCC_WARN_UNINITIALIZED_AUTOS = YES_AGGRESSIVE;
				GCC_WARN_UNUSED_FUNCTION = YES;
				GCC_WARN_UNUSED_VARIABLE = YES;
				IPHONEOS_DEPLOYMENT_TARGET = 13.5;
				MTL_ENABLE_DEBUG_INFO = INCLUDE_SOURCE;
				MTL_FAST_MATH = YES;
				ONLY_ACTIVE_ARCH = YES;
				SDKROOT = iphoneos;
				SWIFT_ACTIVE_COMPILATION_CONDITIONS = DEBUG;
				SWIFT_OPTIMIZATION_LEVEL = "-Onone";
			};
			name = Debug;
		};
		3D3D28AC248032160044A505 /* Release */ = {
			isa = XCBuildConfiguration;
			buildSettings = {
				ALWAYS_SEARCH_USER_PATHS = NO;
				CLANG_ANALYZER_NONNULL = YES;
				CLANG_ANALYZER_NUMBER_OBJECT_CONVERSION = YES_AGGRESSIVE;
				CLANG_CXX_LANGUAGE_STANDARD = "gnu++14";
				CLANG_CXX_LIBRARY = "libc++";
				CLANG_ENABLE_MODULES = YES;
				CLANG_ENABLE_OBJC_ARC = YES;
				CLANG_ENABLE_OBJC_WEAK = YES;
				CLANG_WARN_BLOCK_CAPTURE_AUTORELEASING = YES;
				CLANG_WARN_BOOL_CONVERSION = YES;
				CLANG_WARN_COMMA = YES;
				CLANG_WARN_CONSTANT_CONVERSION = YES;
				CLANG_WARN_DEPRECATED_OBJC_IMPLEMENTATIONS = YES;
				CLANG_WARN_DIRECT_OBJC_ISA_USAGE = YES_ERROR;
				CLANG_WARN_DOCUMENTATION_COMMENTS = YES;
				CLANG_WARN_EMPTY_BODY = YES;
				CLANG_WARN_ENUM_CONVERSION = YES;
				CLANG_WARN_INFINITE_RECURSION = YES;
				CLANG_WARN_INT_CONVERSION = YES;
				CLANG_WARN_NON_LITERAL_NULL_CONVERSION = YES;
				CLANG_WARN_OBJC_IMPLICIT_RETAIN_SELF = YES;
				CLANG_WARN_OBJC_LITERAL_CONVERSION = YES;
				CLANG_WARN_OBJC_ROOT_CLASS = YES_ERROR;
				CLANG_WARN_RANGE_LOOP_ANALYSIS = YES;
				CLANG_WARN_STRICT_PROTOTYPES = YES;
				CLANG_WARN_SUSPICIOUS_MOVE = YES;
				CLANG_WARN_UNGUARDED_AVAILABILITY = YES_AGGRESSIVE;
				CLANG_WARN_UNREACHABLE_CODE = YES;
				CLANG_WARN__DUPLICATE_METHOD_MATCH = YES;
				COPY_PHASE_STRIP = NO;
				DEBUG_INFORMATION_FORMAT = "dwarf-with-dsym";
				ENABLE_NS_ASSERTIONS = NO;
				ENABLE_STRICT_OBJC_MSGSEND = YES;
				GCC_C_LANGUAGE_STANDARD = gnu11;
				GCC_NO_COMMON_BLOCKS = YES;
				GCC_WARN_64_TO_32_BIT_CONVERSION = YES;
				GCC_WARN_ABOUT_RETURN_TYPE = YES_ERROR;
				GCC_WARN_UNDECLARED_SELECTOR = YES;
				GCC_WARN_UNINITIALIZED_AUTOS = YES_AGGRESSIVE;
				GCC_WARN_UNUSED_FUNCTION = YES;
				GCC_WARN_UNUSED_VARIABLE = YES;
				IPHONEOS_DEPLOYMENT_TARGET = 13.5;
				MTL_ENABLE_DEBUG_INFO = NO;
				MTL_FAST_MATH = YES;
				SDKROOT = iphoneos;
				SWIFT_COMPILATION_MODE = wholemodule;
				SWIFT_OPTIMIZATION_LEVEL = "-O";
				VALIDATE_PRODUCT = YES;
			};
			name = Release;
		};
		3D3D28AE248032160044A505 /* Debug */ = {
			isa = XCBuildConfiguration;
			buildSettings = {
				ASSETCATALOG_COMPILER_APPICON_NAME = AppIcon;
				CODE_SIGN_STYLE = Automatic;
				DEVELOPMENT_TEAM = 2NAJ323R5S;
				INFOPLIST_FILE = MarvelHeroLibrary_MVVM/SupportFiles/Info.plist;
				LD_RUNPATH_SEARCH_PATHS = (
					"$(inherited)",
					"@executable_path/Frameworks",
				);
				PRODUCT_BUNDLE_IDENTIFIER = "com.shawnli.MarvelHeroLibrary-MVVM";
				PRODUCT_NAME = "$(TARGET_NAME)";
				SWIFT_VERSION = 5.0;
				TARGETED_DEVICE_FAMILY = "1,2";
			};
			name = Debug;
		};
		3D3D28AF248032160044A505 /* Release */ = {
			isa = XCBuildConfiguration;
			buildSettings = {
				ASSETCATALOG_COMPILER_APPICON_NAME = AppIcon;
				CODE_SIGN_STYLE = Automatic;
				DEVELOPMENT_TEAM = 2NAJ323R5S;
				INFOPLIST_FILE = MarvelHeroLibrary_MVVM/SupportFiles/Info.plist;
				LD_RUNPATH_SEARCH_PATHS = (
					"$(inherited)",
					"@executable_path/Frameworks",
				);
				PRODUCT_BUNDLE_IDENTIFIER = "com.shawnli.MarvelHeroLibrary-MVVM";
				PRODUCT_NAME = "$(TARGET_NAME)";
				SWIFT_VERSION = 5.0;
				TARGETED_DEVICE_FAMILY = "1,2";
			};
			name = Release;
		};
/* End XCBuildConfiguration section */

/* Begin XCConfigurationList section */
		3D3D2894248032150044A505 /* Build configuration list for PBXProject "MarvelHeroLibrary_MVVM" */ = {
			isa = XCConfigurationList;
			buildConfigurations = (
				3D3D28AB248032160044A505 /* Debug */,
				3D3D28AC248032160044A505 /* Release */,
			);
			defaultConfigurationIsVisible = 0;
			defaultConfigurationName = Release;
		};
		3D3D28AD248032160044A505 /* Build configuration list for PBXNativeTarget "MarvelHeroLibrary_MVVM" */ = {
			isa = XCConfigurationList;
			buildConfigurations = (
				3D3D28AE248032160044A505 /* Debug */,
				3D3D28AF248032160044A505 /* Release */,
			);
			defaultConfigurationIsVisible = 0;
			defaultConfigurationName = Release;
		};
/* End XCConfigurationList section */
	};
	rootObject = 3D3D2891248032150044A505 /* Project object */;
}
